
Microsoft Visual Studio Solution File, Format Version 12.00
# Visual Studio Version 17
VisualStudioVersion = 17.7.34009.444
MinimumVisualStudioVersion = 10.0.40219.1
Project("{FAE04EC0-301F-11D3-BF4B-00C04F79EFBC}") = "User_API", "User_API\User_API.csproj", "{CFF49D0D-D82B-4EB3-BDDE-4C64B0FE4227}"
EndProject
Global
	GlobalSection(SolutionConfigurationPlatforms) = preSolution
		Debug|Any CPU = Debug|Any CPU
		Release|Any CPU = Release|Any CPU
	EndGlobalSection
	GlobalSection(ProjectConfigurationPlatforms) = postSolution
		{CFF49D0D-D82B-4EB3-BDDE-4C64B0FE4227}.Debug|Any CPU.ActiveCfg = Debug|Any CPU
		{CFF49D0D-D82B-4EB3-BDDE-4C64B0FE4227}.Debug|Any CPU.Build.0 = Debug|Any CPU
		{CFF49D0D-D82B-4EB3-BDDE-4C64B0FE4227}.Release|Any CPU.ActiveCfg = Release|Any CPU
		{CFF49D0D-D82B-4EB3-BDDE-4C64B0FE4227}.Release|Any CPU.Build.0 = Release|Any CPU
	EndGlobalSection
	GlobalSection(SolutionProperties) = preSolution
		HideSolutionNode = FALSE
	EndGlobalSection
	GlobalSection(ExtensibilityGlobals) = postSolution
		SolutionGuid = {ECA96A61-7243-4F8A-8B95-FDFCE194C550}
	EndGlobalSection
EndGlobal
